<?xml version="1.0" encoding="utf-8"?>
<Project ToolsVersion="4.0" xmlns="http://schemas.microsoft.com/developer/msbuild/2003">
  <ItemGroup>
    <Filter Include="Source Files">
      <UniqueIdentifier>{4FC737F1-C7A5-4376-A066-2A32D752A2FF}</UniqueIdentifier>
      <Extensions>cpp;cxx;c;def</Extensions>
    </Filter>
    <Filter Include="Header Files">
      <UniqueIdentifier>{93995380-89BD-4b04-88EB-625FBE52EBFB}</UniqueIdentifier>
      <Extensions>h</Extensions>
    </Filter>
    <Filter Include="Form Files">
      <UniqueIdentifier>{99349809-55BA-4b9d-BF79-8FDBB0286EB3}</UniqueIdentifier>
      <Extensions>ui</Extensions>
    </Filter>
    <Filter Include="Resource Files">
      <UniqueIdentifier>{D9D6E242-F8AF-46E4-B9FD-80ECBC20BA3E}</UniqueIdentifier>
      <Extensions>qrc;*</Extensions>
      <ParseFiles>false</ParseFiles>
    </Filter>
    <Filter Include="Generated Files">
      <UniqueIdentifier>{71ED8ED8-ACB9-4CE9-BBE1-E00B30144E11}</UniqueIdentifier>
      <Extensions>moc;h;cpp</Extensions>
      <SourceControlFiles>False</SourceControlFiles>
    </Filter>
    <Filter Include="Generated Files\Debug">
      <UniqueIdentifier>{2130a817-5b5c-4aef-9419-20c93f6aba43}</UniqueIdentifier>
      <Extensions>cpp;moc</Extensions>
      <SourceControlFiles>False</SourceControlFiles>
    </Filter>
    <Filter Include="Generated Files\Release">
      <UniqueIdentifier>{3aae354f-d770-4de8-ae4f-1c28d7d63453}</UniqueIdentifier>
      <Extensions>cpp;moc</Extensions>
      <SourceControlFiles>False</SourceControlFiles>
    </Filter>
  </ItemGroup>
  <ItemGroup>
    <ClCompile Include="main.cpp">
      <Filter>Source Files</Filter>
    </ClCompile>
    <ClCompile Include="iomodule.cpp">
      <Filter>Source Files</Filter>
    </ClCompile>
    <ClCompile Include="GeneratedFiles\Debug\moc_iomodule.cpp">
      <Filter>Generated Files\Debug</Filter>
    </ClCompile>
    <ClCompile Include="GeneratedFiles\Release\moc_iomodule.cpp">
      <Filter>Generated Files\Release</Filter>
    </ClCompile>
    <ClCompile Include="GeneratedFiles\qrc_iomodule.cpp">
      <Filter>Generated Files</Filter>
    </ClCompile>
    <ClCompile Include="BMPExport.cpp">
      <Filter>Source Files</Filter>
    </ClCompile>
    <ClCompile Include="BMPImport.cpp">
      <Filter>Source Files</Filter>
    </ClCompile>
    <ClCompile Include="ImageIO.cpp">
      <Filter>Source Files</Filter>
    </ClCompile>
    <ClCompile Include="ImagePreview.cpp">
      <Filter>Source Files</Filter>
    </ClCompile>
    <ClCompile Include="JPGExport.cpp">
      <Filter>Source Files</Filter>
    </ClCompile>
    <ClCompile Include="JPGImport.cpp">
      <Filter>Source Files</Filter>
    </ClCompile>
    <ClCompile Include="LandMark3DStyle.cpp">
      <Filter>Source Files</Filter>
    </ClCompile>
    <ClCompile Include="LandMarkInteractorStyle.cpp">
      <Filter>Source Files</Filter>
    </ClCompile>
    <ClCompile Include="MeshIO.cpp">
      <Filter>Source Files</Filter>
    </ClCompile>
    <ClCompile Include="MeshPreview.cpp">
      <Filter>Source Files</Filter>
    </ClCompile>
    <ClCompile Include="OBJExport.cpp">
      <Filter>Source Files</Filter>
    </ClCompile>
    <ClCompile Include="OBJImport.cpp">
      <Filter>Source Files</Filter>
    </ClCompile>
    <ClCompile Include="PLYExport.cpp">
      <Filter>Source Files</Filter>
    </ClCompile>
    <ClCompile Include="PLYImport.cpp">
      <Filter>Source Files</Filter>
    </ClCompile>
    <ClCompile Include="PNGExport.cpp">
      <Filter>Source Files</Filter>
    </ClCompile>
    <ClCompile Include="PNGImport.cpp">
      <Filter>Source Files</Filter>
    </ClCompile>
    <ClCompile Include="STLExport.cpp">
      <Filter>Source Files</Filter>
    </ClCompile>
    <ClCompile Include="STLImport.cpp">
      <Filter>Source Files</Filter>
    </ClCompile>
    <ClCompile Include="RelalSensePreviewer.cpp">
      <Filter>Source Files</Filter>
    </ClCompile>
    <ClCompile Include="GeneratedFiles\Debug\moc_MainModule.cpp">
      <Filter>Generated Files\Debug</Filter>
    </ClCompile>
    <ClCompile Include="GeneratedFiles\Release\moc_MainModule.cpp">
      <Filter>Generated Files\Release</Filter>
    </ClCompile>
    <ClCompile Include="GeneratedFiles\Debug\moc_InitializeModule.cpp">
      <Filter>Generated Files\Debug</Filter>
    </ClCompile>
    <ClCompile Include="GeneratedFiles\Release\moc_InitializeModule.cpp">
      <Filter>Generated Files\Release</Filter>
    </ClCompile>
    <ClCompile Include="InitializeModule.cpp">
      <Filter>Source Files</Filter>
    </ClCompile>
    <ClCompile Include="MainModule.cpp">
      <Filter>Source Files</Filter>
    </ClCompile>
  </ItemGroup>
  <ItemGroup>
    <CustomBuild Include="iomodule.h">
      <Filter>Header Files</Filter>
    </CustomBuild>
    <CustomBuild Include="iomodule.ui">
      <Filter>Form Files</Filter>
    </CustomBuild>
    <CustomBuild Include="iomodule.qrc">
      <Filter>Resource Files</Filter>
    </CustomBuild>
    <CustomBuild Include="MainModule.hpp">
      <Filter>Header Files</Filter>
    </CustomBuild>
    <CustomBuild Include="InitializeModule.hpp">
      <Filter>Header Files</Filter>
    </CustomBuild>
    <CustomBuild Include="mainmodule.ui">
      <Filter>Form Files</Filter>
    </CustomBuild>
    <CustomBuild Include="initializemodule.ui">
      <Filter>Form Files</Filter>
    </CustomBuild>
    <CustomBuild Include="calibrationmodule.ui">
      <Filter>Form Files</Filter>
    </CustomBuild>
    <CustomBuild Include="scanmodule.ui">
      <Filter>Form Files</Filter>
    </CustomBuild>
  </ItemGroup>
  <ItemGroup>
    <ClInclude Include="GeneratedFiles\ui_iomodule.h">
      <Filter>Generated Files</Filter>
    </ClInclude>
    <ClInclude Include="BMPExport.h">
      <Filter>Header Files</Filter>
    </ClInclude>
    <ClInclude Include="BMPImport.h">
      <Filter>Header Files</Filter>
    </ClInclude>
    <ClInclude Include="ImageIO.h">
      <Filter>Header Files</Filter>
    </ClInclude>
    <ClInclude Include="ImagePreview.h">
      <Filter>Header Files</Filter>
    </ClInclude>
    <ClInclude Include="JPGExport.h">
      <Filter>Header Files</Filter>
    </ClInclude>
    <ClInclude Include="JPGImport.h">
      <Filter>Header Files</Filter>
    </ClInclude>
    <ClInclude Include="LandMark3DStyle.h">
      <Filter>Header Files</Filter>
    </ClInclude>
    <ClInclude Include="LandMarkInteractorStyle.h">
      <Filter>Header Files</Filter>
    </ClInclude>
    <ClInclude Include="MeshIO.h">
      <Filter>Header Files</Filter>
    </ClInclude>
    <ClInclude Include="MeshPreview.h">
      <Filter>Header Files</Filter>
    </ClInclude>
    <ClInclude Include="OBJExport.h">
      <Filter>Header Files</Filter>
    </ClInclude>
    <ClInclude Include="OBJImport.h">
      <Filter>Header Files</Filter>
    </ClInclude>
    <ClInclude Include="PLYExport.h">
      <Filter>Header Files</Filter>
    </ClInclude>
    <ClInclude Include="PLYImport.h">
      <Filter>Header Files</Filter>
    </ClInclude>
    <ClInclude Include="PNGExport.h">
      <Filter>Header Files</Filter>
    </ClInclude>
    <ClInclude Include="PNGImport.h">
      <Filter>Header Files</Filter>
    </ClInclude>
    <ClInclude Include="STLExport.h">
      <Filter>Header Files</Filter>
    </ClInclude>
    <ClInclude Include="STLImport.h">
      <Filter>Header Files</Filter>
    </ClInclude>
    <ClInclude Include="RelalSensePreviewer.h">
      <Filter>Header Files</Filter>
    </ClInclude>
    <ClInclude Include="GeneratedFiles\ui_calibrationmodule.h">
      <Filter>Generated Files</Filter>
    </ClInclude>
    <ClInclude Include="GeneratedFiles\ui_initializemodule.h">
      <Filter>Generated Files</Filter>
    </ClInclude>
    <ClInclude Include="GeneratedFiles\ui_mainmodule.h">
      <Filter>Generated Files</Filter>
    </ClInclude>
    <ClInclude Include="GeneratedFiles\ui_scanmodule.h">
      <Filter>Generated Files</Filter>
    </ClInclude>
  </ItemGroup>
</Project>